
Microsoft Visual Studio Solution File, Format Version 12.00
# Visual Studio Version 17
VisualStudioVersion = 17.6.33723.286
MinimumVisualStudioVersion = 10.0.40219.1
Project("{FAE04EC0-301F-11D3-BF4B-00C04F79EFBC}") = "Task1.31.05.23", "Task1.31.05.23\Task1.31.05.23.csproj", "{3D2163CB-B4A2-4D5F-8986-3FC331DF8AEE}"
EndProject
Global
	GlobalSection(SolutionConfigurationPlatforms) = preSolution
		Debug|Any CPU = Debug|Any CPU
		Release|Any CPU = Release|Any CPU
	EndGlobalSection
	GlobalSection(ProjectConfigurationPlatforms) = postSolution
		{3D2163CB-B4A2-4D5F-8986-3FC331DF8AEE}.Debug|Any CPU.ActiveCfg = Debug|Any CPU
		{3D2163CB-B4A2-4D5F-8986-3FC331DF8AEE}.Debug|Any CPU.Build.0 = Debug|Any CPU
		{3D2163CB-B4A2-4D5F-8986-3FC331DF8AEE}.Release|Any CPU.ActiveCfg = Release|Any CPU
		{3D2163CB-B4A2-4D5F-8986-3FC331DF8AEE}.Release|Any CPU.Build.0 = Release|Any CPU
	EndGlobalSection
	GlobalSection(SolutionProperties) = preSolution
		HideSolutionNode = FALSE
	EndGlobalSection
	GlobalSection(ExtensibilityGlobals) = postSolution
		SolutionGuid = {B8DF6739-71D9-4176-8099-83A0163CBE9F}
	EndGlobalSection
EndGlobal
