
Microsoft Visual Studio Solution File, Format Version 12.00
# Visual Studio Version 17
VisualStudioVersion = 17.6.33723.286
MinimumVisualStudioVersion = 10.0.40219.1
Project("{FAE04EC0-301F-11D3-BF4B-00C04F79EFBC}") = "Task2.31.05.23", "Task2.31.05.23\Task2.31.05.23.csproj", "{491A7D28-B70F-4B2A-80DA-9EF68D8BC525}"
EndProject
Global
	GlobalSection(SolutionConfigurationPlatforms) = preSolution
		Debug|Any CPU = Debug|Any CPU
		Release|Any CPU = Release|Any CPU
	EndGlobalSection
	GlobalSection(ProjectConfigurationPlatforms) = postSolution
		{491A7D28-B70F-4B2A-80DA-9EF68D8BC525}.Debug|Any CPU.ActiveCfg = Debug|Any CPU
		{491A7D28-B70F-4B2A-80DA-9EF68D8BC525}.Debug|Any CPU.Build.0 = Debug|Any CPU
		{491A7D28-B70F-4B2A-80DA-9EF68D8BC525}.Release|Any CPU.ActiveCfg = Release|Any CPU
		{491A7D28-B70F-4B2A-80DA-9EF68D8BC525}.Release|Any CPU.Build.0 = Release|Any CPU
	EndGlobalSection
	GlobalSection(SolutionProperties) = preSolution
		HideSolutionNode = FALSE
	EndGlobalSection
	GlobalSection(ExtensibilityGlobals) = postSolution
		SolutionGuid = {F7725BC3-0569-4E5C-9393-6ECC8939C606}
	EndGlobalSection
EndGlobal
